Microsoft Visual Studio Solution File, Format Version 12.00
# Visual Studio Version 17
VisualStudioVersion = 17.5.2.0
MinimumVisualStudioVersion = 10.0.40219.1
Project("{FAE04EC0-301F-11D3-BF4B-00C04F79EFBC}") = "AutoTrackMinimalApi", "AutoTrackMinimalApi.csproj", "{12BBC7A8-6CEB-134D-AF9B-928C5A0E98E1}"
EndProject
Global
	GlobalSection(SolutionConfigurationPlatforms) = preSolution
		Debug|Any CPU = Debug|Any CPU
		Release|Any CPU = Release|Any CPU
	EndGlobalSection
	GlobalSection(ProjectConfigurationPlatforms) = postSolution
		{12BBC7A8-6CEB-134D-AF9B-928C5A0E98E1}.Debug|Any CPU.ActiveCfg = Debug|Any CPU
		{12BBC7A8-6CEB-134D-AF9B-928C5A0E98E1}.Debug|Any CPU.Build.0 = Debug|Any CPU
		{12BBC7A8-6CEB-134D-AF9B-928C5A0E98E1}.Release|Any CPU.ActiveCfg = Release|Any CPU
		{12BBC7A8-6CEB-134D-AF9B-928C5A0E98E1}.Release|Any CPU.Build.0 = Release|Any CPU
	EndGlobalSection
	GlobalSection(SolutionProperties) = preSolution
		HideSolutionNode = FALSE
	EndGlobalSection
	GlobalSection(ExtensibilityGlobals) = postSolution
		SolutionGuid = {11A1F032-AB42-4304-9283-32842BA79C76}
	EndGlobalSection
EndGlobal
